
Microsoft Visual Studio Solution File, Format Version 12.00
Project("{FAE04EC0-301F-11D3-BF4B-00C04F79EFBC}") = "StalkBot", "StalkBot.csproj", "{FAA8A4AE-CA91-4F50-B0DE-7BE713E829AF}"
EndProject
Global
	GlobalSection(SolutionConfigurationPlatforms) = preSolution
		Debug|Any CPU = Debug|Any CPU
		Release|Any CPU = Release|Any CPU
	EndGlobalSection
	GlobalSection(ProjectConfigurationPlatforms) = postSolution
		{FAA8A4AE-CA91-4F50-B0DE-7BE713E829AF}.Debug|Any CPU.ActiveCfg = Debug|Any CPU
		{FAA8A4AE-CA91-4F50-B0DE-7BE713E829AF}.Debug|Any CPU.Build.0 = Debug|Any CPU
		{FAA8A4AE-CA91-4F50-B0DE-7BE713E829AF}.Release|Any CPU.ActiveCfg = Release|Any CPU
		{FAA8A4AE-CA91-4F50-B0DE-7BE713E829AF}.Release|Any CPU.Build.0 = Release|Any CPU
	EndGlobalSection
EndGlobal
